
Microsoft Visual Studio Solution File, Format Version 12.00
# Visual Studio 2017
Project("{FAE04EC0-301F-11D3-BF4B-00C04F79EFBC}") = "HoeckyGame", "HoeckyGame.csproj", "{16ADD8C9-C3B8-0EBB-EA5D-CF05E61F28DF}"
EndProject
Global
	GlobalSection(SolutionConfigurationPlatforms) = preSolution
		Debug|Any CPU = Debug|Any CPU
		Release|Any CPU = Release|Any CPU
	EndGlobalSection
	GlobalSection(ProjectConfigurationPlatforms) = postSolution
		{16ADD8C9-C3B8-0EBB-EA5D-CF05E61F28DF}.Debug|Any CPU.ActiveCfg = Debug|Any CPU
		{16ADD8C9-C3B8-0EBB-EA5D-CF05E61F28DF}.Debug|Any CPU.Build.0 = Debug|Any CPU
		{16ADD8C9-C3B8-0EBB-EA5D-CF05E61F28DF}.Release|Any CPU.ActiveCfg = Release|Any CPU
		{16ADD8C9-C3B8-0EBB-EA5D-CF05E61F28DF}.Release|Any CPU.Build.0 = Release|Any CPU
	EndGlobalSection
	GlobalSection(SolutionProperties) = preSolution
		HideSolutionNode = FALSE
	EndGlobalSection
EndGlobal
